// !$*UTF8*$!
{
	archiveVersion = 1;
	classes = {
	};
	objectVersion = 56;
	objects = {

/* Begin PBXBuildFile section */
		0F73CE8F29838F3000A404C8 /* AppDelegate.swift in Sources */ = {isa = PBXBuildFile; fileRef = 0F73CE8E29838F3000A404C8 /* AppDelegate.swift */; };
		0F73CE9129838F3000A404C8 /* SceneDelegate.swift in Sources */ = {isa = PBXBuildFile; fileRef = 0F73CE9029838F3000A404C8 /* SceneDelegate.swift */; };
		0F73CE9329838F3000A404C8 /* HomeViewController.swift in Sources */ = {isa = PBXBuildFile; fileRef = 0F73CE9229838F3000A404C8 /* HomeViewController.swift */; };
		0F73CE9629838F3000A404C8 /* Main.storyboard in Resources */ = {isa = PBXBuildFile; fileRef = 0F73CE9429838F3000A404C8 /* Main.storyboard */; };
		0F73CE9829838F3000A404C8 /* Assets.xcassets in Resources */ = {isa = PBXBuildFile; fileRef = 0F73CE9729838F3000A404C8 /* Assets.xcassets */; };
		0F73CE9B29838F3000A404C8 /* LaunchScreen.storyboard in Resources */ = {isa = PBXBuildFile; fileRef = 0F73CE9929838F3000A404C8 /* LaunchScreen.storyboard */; };
		0F73CEA629838F3000A404C8 /* Trending_MoviesTests.swift in Sources */ = {isa = PBXBuildFile; fileRef = 0F73CEA529838F3000A404C8 /* Trending_MoviesTests.swift */; };
		0F73CEB029838F3000A404C8 /* Trending_MoviesUITests.swift in Sources */ = {isa = PBXBuildFile; fileRef = 0F73CEAF29838F3000A404C8 /* Trending_MoviesUITests.swift */; };
		0F73CEB229838F3000A404C8 /* Trending_MoviesUITestsLaunchTests.swift in Sources */ = {isa = PBXBuildFile; fileRef = 0F73CEB129838F3000A404C8 /* Trending_MoviesUITestsLaunchTests.swift */; };
		0F73CEC729839B2300A404C8 /* NetworkRoute.swift in Sources */ = {isa = PBXBuildFile; fileRef = 0F73CEC629839B2300A404C8 /* NetworkRoute.swift */; };
		0F73CEC929839BD700A404C8 /* HTTPMethod.swift in Sources */ = {isa = PBXBuildFile; fileRef = 0F73CEC829839BD700A404C8 /* HTTPMethod.swift */; };
		0F73CECB29839C4500A404C8 /* HTTPError.swift in Sources */ = {isa = PBXBuildFile; fileRef = 0F73CECA29839C4500A404C8 /* HTTPError.swift */; };
		0F73CECD29839CD600A404C8 /* NetworkRequest.swift in Sources */ = {isa = PBXBuildFile; fileRef = 0F73CECC29839CD600A404C8 /* NetworkRequest.swift */; };
		0F73CECF29839D4A00A404C8 /* NetworkResponse.swift in Sources */ = {isa = PBXBuildFile; fileRef = 0F73CECE29839D4A00A404C8 /* NetworkResponse.swift */; };
		0F73CED129839DAA00A404C8 /* Log.swift in Sources */ = {isa = PBXBuildFile; fileRef = 0F73CED029839DAA00A404C8 /* Log.swift */; };
		0F73CED329839DD600A404C8 /* URLEncoder.swift in Sources */ = {isa = PBXBuildFile; fileRef = 0F73CED229839DD600A404C8 /* URLEncoder.swift */; };
		0F73CED529839E2200A404C8 /* Result.swift in Sources */ = {isa = PBXBuildFile; fileRef = 0F73CED429839E2200A404C8 /* Result.swift */; };
		0F73CED729839E6F00A404C8 /* MovieClientService.swift in Sources */ = {isa = PBXBuildFile; fileRef = 0F73CED629839E6F00A404C8 /* MovieClientService.swift */; };
		0F73CED929839EB600A404C8 /* ClientServiceHelper.swift in Sources */ = {isa = PBXBuildFile; fileRef = 0F73CED829839EB600A404C8 /* ClientServiceHelper.swift */; };
		0F73CEDB29839F2C00A404C8 /* Constants.swift in Sources */ = {isa = PBXBuildFile; fileRef = 0F73CEDA29839F2C00A404C8 /* Constants.swift */; };
		0F73CEDD2983A1A900A404C8 /* MovieInfo.swift in Sources */ = {isa = PBXBuildFile; fileRef = 0F73CEDC2983A1A900A404C8 /* MovieInfo.swift */; };
		0F73CEDF2983C3A600A404C8 /* Bindable.swift in Sources */ = {isa = PBXBuildFile; fileRef = 0F73CEDE2983C3A600A404C8 /* Bindable.swift */; };
		0F73CEE12983C41C00A404C8 /* HomeViewModel.swift in Sources */ = {isa = PBXBuildFile; fileRef = 0F73CEE02983C41C00A404C8 /* HomeViewModel.swift */; };
		0F73CEE42983D13B00A404C8 /* MovieTableViewCell.swift in Sources */ = {isa = PBXBuildFile; fileRef = 0F73CEE22983D13B00A404C8 /* MovieTableViewCell.swift */; };
		0F73CEE52983D13B00A404C8 /* MovieTableViewCell.xib in Resources */ = {isa = PBXBuildFile; fileRef = 0F73CEE32983D13B00A404C8 /* MovieTableViewCell.xib */; };
		0F73CEE82983D9C700A404C8 /* UIImageView+Extensions.swift in Sources */ = {isa = PBXBuildFile; fileRef = 0F73CEE72983D9C700A404C8 /* UIImageView+Extensions.swift */; };
		0F73CEEA2983E86700A404C8 /* MovieDetailViewController.swift in Sources */ = {isa = PBXBuildFile; fileRef = 0F73CEE92983E86700A404C8 /* MovieDetailViewController.swift */; };
/* End PBXBuildFile section */

/* Begin PBXContainerItemProxy section */
		0F73CEA229838F3000A404C8 /* PBXContainerItemProxy */ = {
			isa = PBXContainerItemProxy;
			containerPortal = 0F73CE8329838F3000A404C8 /* Project object */;
			proxyType = 1;
			remoteGlobalIDString = 0F73CE8A29838F3000A404C8;
			remoteInfo = "Trending Movies";
		};
		0F73CEAC29838F3000A404C8 /* PBXContainerItemProxy */ = {
			isa = PBXContainerItemProxy;
			containerPortal = 0F73CE8329838F3000A404C8 /* Project object */;
			proxyType = 1;
			remoteGlobalIDString = 0F73CE8A29838F3000A404C8;
			remoteInfo = "Trending Movies";
		};
/* End PBXContainerItemProxy section */

/* Begin PBXFileReference section */
		0F73CE8B29838F3000A404C8 /* Trending Movies.app */ = {isa = PBXFileReference; explicitFileType = wrapper.application; includeInIndex = 0; path = "Trending Movies.app"; sourceTree = BUILT_PRODUCTS_DIR; };
		0F73CE8E29838F3000A404C8 /* AppDelegate.swift */ = {isa = PBXFileReference; lastKnownFileType = sourcecode.swift; path = AppDelegate.swift; sourceTree = "<group>"; };
		0F73CE9029838F3000A404C8 /* SceneDelegate.swift */ = {isa = PBXFileReference; lastKnownFileType = sourcecode.swift; path = SceneDelegate.swift; sourceTree = "<group>"; };
		0F73CE9229838F3000A404C8 /* HomeViewController.swift */ = {isa = PBXFileReference; lastKnownFileType = sourcecode.swift; path = HomeViewController.swift; sourceTree = "<group>"; };
		0F73CE9529838F3000A404C8 /* Base */ = {isa = PBXFileReference; lastKnownFileType = file.storyboard; name = Base; path = Base.lproj/Main.storyboard; sourceTree = "<group>"; };
		0F73CE9729838F3000A404C8 /* Assets.xcassets */ = {isa = PBXFileReference; lastKnownFileType = folder.assetcatalog; path = Assets.xcassets; sourceTree = "<group>"; };
		0F73CE9A29838F3000A404C8 /* Base */ = {isa = PBXFileReference; lastKnownFileType = file.storyboard; name = Base; path = Base.lproj/LaunchScreen.storyboard; sourceTree = "<group>"; };
		0F73CE9C29838F3000A404C8 /* Info.plist */ = {isa = PBXFileReference; lastKnownFileType = text.plist.xml; path = Info.plist; sourceTree = "<group>"; };
		0F73CEA129838F3000A404C8 /* Trending MoviesTests.xctest */ = {isa = PBXFileReference; explicitFileType = wrapper.cfbundle; includeInIndex = 0; path = "Trending MoviesTests.xctest"; sourceTree = BUILT_PRODUCTS_DIR; };
		0F73CEA529838F3000A404C8 /* Trending_MoviesTests.swift */ = {isa = PBXFileReference; lastKnownFileType = sourcecode.swift; path = Trending_MoviesTests.swift; sourceTree = "<group>"; };
		0F73CEAB29838F3000A404C8 /* Trending MoviesUITests.xctest */ = {isa = PBXFileReference; explicitFileType = wrapper.cfbundle; includeInIndex = 0; path = "Trending MoviesUITests.xctest"; sourceTree = BUILT_PRODUCTS_DIR; };
		0F73CEAF29838F3000A404C8 /* Trending_MoviesUITests.swift */ = {isa = PBXFileReference; lastKnownFileType = sourcecode.swift; path = Trending_MoviesUITests.swift; sourceTree = "<group>"; };
		0F73CEB129838F3000A404C8 /* Trending_MoviesUITestsLaunchTests.swift */ = {isa = PBXFileReference; lastKnownFileType = sourcecode.swift; path = Trending_MoviesUITestsLaunchTests.swift; sourceTree = "<group>"; };
		0F73CEC629839B2300A404C8 /* NetworkRoute.swift */ = {isa = PBXFileReference; lastKnownFileType = sourcecode.swift; path = NetworkRoute.swift; sourceTree = "<group>"; };
		0F73CEC829839BD700A404C8 /* HTTPMethod.swift */ = {isa = PBXFileReference; lastKnownFileType = sourcecode.swift; path = HTTPMethod.swift; sourceTree = "<group>"; };
		0F73CECA29839C4500A404C8 /* HTTPError.swift */ = {isa = PBXFileReference; lastKnownFileType = sourcecode.swift; path = HTTPError.swift; sourceTree = "<group>"; };
		0F73CECC29839CD600A404C8 /* NetworkRequest.swift */ = {isa = PBXFileReference; lastKnownFileType = sourcecode.swift; path = NetworkRequest.swift; sourceTree = "<group>"; };
		0F73CECE29839D4A00A404C8 /* NetworkResponse.swift */ = {isa = PBXFileReference; lastKnownFileType = sourcecode.swift; path = NetworkResponse.swift; sourceTree = "<group>"; };
		0F73CED029839DAA00A404C8 /* Log.swift */ = {isa = PBXFileReference; lastKnownFileType = sourcecode.swift; path = Log.swift; sourceTree = "<group>"; };
		0F73CED229839DD600A404C8 /* URLEncoder.swift */ = {isa = PBXFileReference; lastKnownFileType = sourcecode.swift; path = URLEncoder.swift; sourceTree = "<group>"; };
		0F73CED429839E2200A404C8 /* Result.swift */ = {isa = PBXFileReference; lastKnownFileType = sourcecode.swift; path = Result.swift; sourceTree = "<group>"; };
		0F73CED629839E6F00A404C8 /* MovieClientService.swift */ = {isa = PBXFileReference; lastKnownFileType = sourcecode.swift; path = MovieClientService.swift; sourceTree = "<group>"; };
		0F73CED829839EB600A404C8 /* ClientServiceHelper.swift */ = {isa = PBXFileReference; lastKnownFileType = sourcecode.swift; path = ClientServiceHelper.swift; sourceTree = "<group>"; };
		0F73CEDA29839F2C00A404C8 /* Constants.swift */ = {isa = PBXFileReference; lastKnownFileType = sourcecode.swift; path = Constants.swift; sourceTree = "<group>"; };
		0F73CEDC2983A1A900A404C8 /* MovieInfo.swift */ = {isa = PBXFileReference; lastKnownFileType = sourcecode.swift; path = MovieInfo.swift; sourceTree = "<group>"; };
		0F73CEDE2983C3A600A404C8 /* Bindable.swift */ = {isa = PBXFileReference; lastKnownFileType = sourcecode.swift; path = Bindable.swift; sourceTree = "<group>"; };
		0F73CEE02983C41C00A404C8 /* HomeViewModel.swift */ = {isa = PBXFileReference; lastKnownFileType = sourcecode.swift; path = HomeViewModel.swift; sourceTree = "<group>"; };
		0F73CEE22983D13B00A404C8 /* MovieTableViewCell.swift */ = {isa = PBXFileReference; lastKnownFileType = sourcecode.swift; path = MovieTableViewCell.swift; sourceTree = "<group>"; };
		0F73CEE32983D13B00A404C8 /* MovieTableViewCell.xib */ = {isa = PBXFileReference; lastKnownFileType = file.xib; path = MovieTableViewCell.xib; sourceTree = "<group>"; };
		0F73CEE72983D9C700A404C8 /* UIImageView+Extensions.swift */ = {isa = PBXFileReference; lastKnownFileType = sourcecode.swift; path = "UIImageView+Extensions.swift"; sourceTree = "<group>"; };
		0F73CEE92983E86700A404C8 /* MovieDetailViewController.swift */ = {isa = PBXFileReference; lastKnownFileType = sourcecode.swift; path = MovieDetailViewController.swift; sourceTree = "<group>"; };
/* End PBXFileReference section */

/* Begin PBXFrameworksBuildPhase section */
		0F73CE8829838F3000A404C8 /* Frameworks */ = {
			isa = PBXFrameworksBuildPhase;
			buildActionMask = 2147483647;
			files = (
			);
			runOnlyForDeploymentPostprocessing = 0;
		};
		0F73CE9E29838F3000A404C8 /* Frameworks */ = {
			isa = PBXFrameworksBuildPhase;
			buildActionMask = 2147483647;
			files = (
			);
			runOnlyForDeploymentPostprocessing = 0;
		};
		0F73CEA829838F3000A404C8 /* Frameworks */ = {
			isa = PBXFrameworksBuildPhase;
			buildActionMask = 2147483647;
			files = (
			);
			runOnlyForDeploymentPostprocessing = 0;
		};
/* End PBXFrameworksBuildPhase section */

/* Begin PBXGroup section */
		0F73CE8229838F3000A404C8 = {
			isa = PBXGroup;
			children = (
				0F73CE8D29838F3000A404C8 /* Trending Movies */,
				0F73CEA429838F3000A404C8 /* Trending MoviesTests */,
				0F73CEAE29838F3000A404C8 /* Trending MoviesUITests */,
				0F73CE8C29838F3000A404C8 /* Products */,
			);
			sourceTree = "<group>";
		};
		0F73CE8C29838F3000A404C8 /* Products */ = {
			isa = PBXGroup;
			children = (
				0F73CE8B29838F3000A404C8 /* Trending Movies.app */,
				0F73CEA129838F3000A404C8 /* Trending MoviesTests.xctest */,
				0F73CEAB29838F3000A404C8 /* Trending MoviesUITests.xctest */,
			);
			name = Products;
			sourceTree = "<group>";
		};
		0F73CE8D29838F3000A404C8 /* Trending Movies */ = {
			isa = PBXGroup;
			children = (
				0F73CEC2298398B500A404C8 /* View */,
				0F73CEC1298398AC00A404C8 /* ViewModel */,
				0F73CEC0298398A300A404C8 /* Model */,
				0F73CEBF2983988D00A404C8 /* Networking */,
				0F73CEBE2983987C00A404C8 /* Utilities */,
				0F73CEE62983D9A500A404C8 /* Extensions */,
				0F73CE8E29838F3000A404C8 /* AppDelegate.swift */,
				0F73CE9029838F3000A404C8 /* SceneDelegate.swift */,
				0F73CE9729838F3000A404C8 /* Assets.xcassets */,
				0F73CE9929838F3000A404C8 /* LaunchScreen.storyboard */,
				0F73CE9C29838F3000A404C8 /* Info.plist */,
			);
			path = "Trending Movies";
			sourceTree = "<group>";
		};
		0F73CEA429838F3000A404C8 /* Trending MoviesTests */ = {
			isa = PBXGroup;
			children = (
				0F73CEA529838F3000A404C8 /* Trending_MoviesTests.swift */,
			);
			path = "Trending MoviesTests";
			sourceTree = "<group>";
		};
		0F73CEAE29838F3000A404C8 /* Trending MoviesUITests */ = {
			isa = PBXGroup;
			children = (
				0F73CEAF29838F3000A404C8 /* Trending_MoviesUITests.swift */,
				0F73CEB129838F3000A404C8 /* Trending_MoviesUITestsLaunchTests.swift */,
			);
			path = "Trending MoviesUITests";
			sourceTree = "<group>";
		};
		0F73CEBE2983987C00A404C8 /* Utilities */ = {
			isa = PBXGroup;
			children = (
				0F73CED029839DAA00A404C8 /* Log.swift */,
				0F73CEDA29839F2C00A404C8 /* Constants.swift */,
				0F73CEDE2983C3A600A404C8 /* Bindable.swift */,
			);
			path = Utilities;
			sourceTree = "<group>";
		};
		0F73CEBF2983988D00A404C8 /* Networking */ = {
			isa = PBXGroup;
			children = (
				0F73CEC529839B0200A404C8 /* Service */,
				0F73CEC429839AF900A404C8 /* Encoding */,
				0F73CEC329839AF200A404C8 /* HTTP */,
			);
			path = Networking;
			sourceTree = "<group>";
		};
		0F73CEC0298398A300A404C8 /* Model */ = {
			isa = PBXGroup;
			children = (
				0F73CEDC2983A1A900A404C8 /* MovieInfo.swift */,
			);
			path = Model;
			sourceTree = "<group>";
		};
		0F73CEC1298398AC00A404C8 /* ViewModel */ = {
			isa = PBXGroup;
			children = (
				0F73CEE02983C41C00A404C8 /* HomeViewModel.swift */,
			);
			path = ViewModel;
			sourceTree = "<group>";
		};
		0F73CEC2298398B500A404C8 /* View */ = {
			isa = PBXGroup;
			children = (
				0F73CE9429838F3000A404C8 /* Main.storyboard */,
				0F73CE9229838F3000A404C8 /* HomeViewController.swift */,
				0F73CEE22983D13B00A404C8 /* MovieTableViewCell.swift */,
				0F73CEE32983D13B00A404C8 /* MovieTableViewCell.xib */,
				0F73CEE92983E86700A404C8 /* MovieDetailViewController.swift */,
			);
			path = View;
			sourceTree = "<group>";
		};
		0F73CEC329839AF200A404C8 /* HTTP */ = {
			isa = PBXGroup;
			children = (
				0F73CEC629839B2300A404C8 /* NetworkRoute.swift */,
				0F73CEC829839BD700A404C8 /* HTTPMethod.swift */,
				0F73CECA29839C4500A404C8 /* HTTPError.swift */,
				0F73CECC29839CD600A404C8 /* NetworkRequest.swift */,
				0F73CECE29839D4A00A404C8 /* NetworkResponse.swift */,
			);
			path = HTTP;
			sourceTree = "<group>";
		};
		0F73CEC429839AF900A404C8 /* Encoding */ = {
			isa = PBXGroup;
			children = (
				0F73CED229839DD600A404C8 /* URLEncoder.swift */,
				0F73CED429839E2200A404C8 /* Result.swift */,
			);
			path = Encoding;
			sourceTree = "<group>";
		};
		0F73CEC529839B0200A404C8 /* Service */ = {
			isa = PBXGroup;
			children = (
				0F73CED629839E6F00A404C8 /* MovieClientService.swift */,
				0F73CED829839EB600A404C8 /* ClientServiceHelper.swift */,
			);
			path = Service;
			sourceTree = "<group>";
		};
		0F73CEE62983D9A500A404C8 /* Extensions */ = {
			isa = PBXGroup;
			children = (
				0F73CEE72983D9C700A404C8 /* UIImageView+Extensions.swift */,
			);
			path = Extensions;
			sourceTree = "<group>";
		};
/* End PBXGroup section */

/* Begin PBXNativeTarget section */
		0F73CE8A29838F3000A404C8 /* Trending Movies */ = {
			isa = PBXNativeTarget;
			buildConfigurationList = 0F73CEB529838F3000A404C8 /* Build configuration list for PBXNativeTarget "Trending Movies" */;
			buildPhases = (
				0F73CE8729838F3000A404C8 /* Sources */,
				0F73CE8829838F3000A404C8 /* Frameworks */,
				0F73CE8929838F3000A404C8 /* Resources */,
			);
			buildRules = (
			);
			dependencies = (
			);
			name = "Trending Movies";
			productName = "Trending Movies";
			productReference = 0F73CE8B29838F3000A404C8 /* Trending Movies.app */;
			productType = "com.apple.product-type.application";
		};
		0F73CEA029838F3000A404C8 /* Trending MoviesTests */ = {
			isa = PBXNativeTarget;
			buildConfigurationList = 0F73CEB829838F3000A404C8 /* Build configuration list for PBXNativeTarget "Trending MoviesTests" */;
			buildPhases = (
				0F73CE9D29838F3000A404C8 /* Sources */,
				0F73CE9E29838F3000A404C8 /* Frameworks */,
				0F73CE9F29838F3000A404C8 /* Resources */,
			);
			buildRules = (
			);
			dependencies = (
				0F73CEA329838F3000A404C8 /* PBXTargetDependency */,
			);
			name = "Trending MoviesTests";
			productName = "Trending MoviesTests";
			productReference = 0F73CEA129838F3000A404C8 /* Trending MoviesTests.xctest */;
			productType = "com.apple.product-type.bundle.unit-test";
		};
		0F73CEAA29838F3000A404C8 /* Trending MoviesUITests */ = {
			isa = PBXNativeTarget;
			buildConfigurationList = 0F73CEBB29838F3000A404C8 /* Build configuration list for PBXNativeTarget "Trending MoviesUITests" */;
			buildPhases = (
				0F73CEA729838F3000A404C8 /* Sources */,
				0F73CEA829838F3000A404C8 /* Frameworks */,
				0F73CEA929838F3000A404C8 /* Resources */,
			);
			buildRules = (
			);
			dependencies = (
				0F73CEAD29838F3000A404C8 /* PBXTargetDependency */,
			);
			name = "Trending MoviesUITests";
			productName = "Trending MoviesUITests";
			productReference = 0F73CEAB29838F3000A404C8 /* Trending MoviesUITests.xctest */;
			productType = "com.apple.product-type.bundle.ui-testing";
		};
/* End PBXNativeTarget section */

/* Begin PBXProject section */
		0F73CE8329838F3000A404C8 /* Project object */ = {
			isa = PBXProject;
			attributes = {
				BuildIndependentTargetsInParallel = 1;
				LastSwiftUpdateCheck = 1400;
				LastUpgradeCheck = 1400;
				TargetAttributes = {
					0F73CE8A29838F3000A404C8 = {
						CreatedOnToolsVersion = 14.0.1;
					};
					0F73CEA029838F3000A404C8 = {
						CreatedOnToolsVersion = 14.0.1;
						TestTargetID = 0F73CE8A29838F3000A404C8;
					};
					0F73CEAA29838F3000A404C8 = {
						CreatedOnToolsVersion = 14.0.1;
						TestTargetID = 0F73CE8A29838F3000A404C8;
					};
				};
			};
			buildConfigurationList = 0F73CE8629838F3000A404C8 /* Build configuration list for PBXProject "Trending Movies" */;
			compatibilityVersion = "Xcode 14.0";
			developmentRegion = en;
			hasScannedForEncodings = 0;
			knownRegions = (
				en,
				Base,
			);
			mainGroup = 0F73CE8229838F3000A404C8;
			productRefGroup = 0F73CE8C29838F3000A404C8 /* Products */;
			projectDirPath = "";
			projectRoot = "";
			targets = (
				0F73CE8A29838F3000A404C8 /* Trending Movies */,
				0F73CEA029838F3000A404C8 /* Trending MoviesTests */,
				0F73CEAA29838F3000A404C8 /* Trending MoviesUITests */,
			);
		};
/* End PBXProject section */

/* Begin PBXResourcesBuildPhase section */
		0F73CE8929838F3000A404C8 /* Resources */ = {
			isa = PBXResourcesBuildPhase;
			buildActionMask = 2147483647;
			files = (
				0F73CE9B29838F3000A404C8 /* LaunchScreen.storyboard in Resources */,
				0F73CE9829838F3000A404C8 /* Assets.xcassets in Resources */,
				0F73CEE52983D13B00A404C8 /* MovieTableViewCell.xib in Resources */,
				0F73CE9629838F3000A404C8 /* Main.storyboard in Resources */,
			);
			runOnlyForDeploymentPostprocessing = 0;
		};
		0F73CE9F29838F3000A404C8 /* Resources */ = {
			isa = PBXResourcesBuildPhase;
			buildActionMask = 2147483647;
			files = (
			);
			runOnlyForDeploymentPostprocessing = 0;
		};
		0F73CEA929838F3000A404C8 /* Resources */ = {
			isa = PBXResourcesBuildPhase;
			buildActionMask = 2147483647;
			files = (
			);
			runOnlyForDeploymentPostprocessing = 0;
		};
/* End PBXResourcesBuildPhase section */

/* Begin PBXSourcesBuildPhase section */
		0F73CE8729838F3000A404C8 /* Sources */ = {
			isa = PBXSourcesBuildPhase;
			buildActionMask = 2147483647;
			files = (
				0F73CEE12983C41C00A404C8 /* HomeViewModel.swift in Sources */,
				0F73CED329839DD600A404C8 /* URLEncoder.swift in Sources */,
				0F73CEE42983D13B00A404C8 /* MovieTableViewCell.swift in Sources */,
				0F73CEDD2983A1A900A404C8 /* MovieInfo.swift in Sources */,
				0F73CED929839EB600A404C8 /* ClientServiceHelper.swift in Sources */,
				0F73CEE82983D9C700A404C8 /* UIImageView+Extensions.swift in Sources */,
				0F73CECD29839CD600A404C8 /* NetworkRequest.swift in Sources */,
				0F73CECF29839D4A00A404C8 /* NetworkResponse.swift in Sources */,
				0F73CED729839E6F00A404C8 /* MovieClientService.swift in Sources */,
				0F73CED129839DAA00A404C8 /* Log.swift in Sources */,
				0F73CE9329838F3000A404C8 /* HomeViewController.swift in Sources */,
				0F73CECB29839C4500A404C8 /* HTTPError.swift in Sources */,
				0F73CE8F29838F3000A404C8 /* AppDelegate.swift in Sources */,
				0F73CEDF2983C3A600A404C8 /* Bindable.swift in Sources */,
				0F73CEC729839B2300A404C8 /* NetworkRoute.swift in Sources */,
				0F73CEC929839BD700A404C8 /* HTTPMethod.swift in Sources */,
				0F73CEEA2983E86700A404C8 /* MovieDetailViewController.swift in Sources */,
				0F73CEDB29839F2C00A404C8 /* Constants.swift in Sources */,
				0F73CE9129838F3000A404C8 /* SceneDelegate.swift in Sources */,
				0F73CED529839E2200A404C8 /* Result.swift in Sources */,
			);
			runOnlyForDeploymentPostprocessing = 0;
		};
		0F73CE9D29838F3000A404C8 /* Sources */ = {
			isa = PBXSourcesBuildPhase;
			buildActionMask = 2147483647;
			files = (
				0F73CEA629838F3000A404C8 /* Trending_MoviesTests.swift in Sources */,
			);
			runOnlyForDeploymentPostprocessing = 0;
		};
		0F73CEA729838F3000A404C8 /* Sources */ = {
			isa = PBXSourcesBuildPhase;
			buildActionMask = 2147483647;
			files = (
				0F73CEB229838F3000A404C8 /* Trending_MoviesUITestsLaunchTests.swift in Sources */,
				0F73CEB029838F3000A404C8 /* Trending_MoviesUITests.swift in Sources */,
			);
			runOnlyForDeploymentPostprocessing = 0;
		};
/* End PBXSourcesBuildPhase section */

/* Begin PBXTargetDependency section */
		0F73CEA329838F3000A404C8 /* PBXTargetDependency */ = {
			isa = PBXTargetDependency;
			target = 0F73CE8A29838F3000A404C8 /* Trending Movies */;
			targetProxy = 0F73CEA229838F3000A404C8 /* PBXContainerItemProxy */;
		};
		0F73CEAD29838F3000A404C8 /* PBXTargetDependency */ = {
			isa = PBXTargetDependency;
			target = 0F73CE8A29838F3000A404C8 /* Trending Movies */;
			targetProxy = 0F73CEAC29838F3000A404C8 /* PBXContainerItemProxy */;
		};
/* End PBXTargetDependency section */

/* Begin PBXVariantGroup section */
		0F73CE9429838F3000A404C8 /* Main.storyboard */ = {
			isa = PBXVariantGroup;
			children = (
				0F73CE9529838F3000A404C8 /* Base */,
			);
			name = Main.storyboard;
			sourceTree = "<group>";
		};
		0F73CE9929838F3000A404C8 /* LaunchScreen.storyboard */ = {
			isa = PBXVariantGroup;
			children = (
				0F73CE9A29838F3000A404C8 /* Base */,
			);
			name = LaunchScreen.storyboard;
			sourceTree = "<group>";
		};
/* End PBXVariantGroup section */

/* Begin XCBuildConfiguration section */
		0F73CEB329838F3000A404C8 /* Debug */ = {
			isa = XCBuildConfiguration;
			buildSettings = {
				ALWAYS_SEARCH_USER_PATHS = NO;
				CLANG_ANALYZER_NONNULL = YES;
				CLANG_ANALYZER_NUMBER_OBJECT_CONVERSION = YES_AGGRESSIVE;
				CLANG_CXX_LANGUAGE_STANDARD = "gnu++20";
				CLANG_ENABLE_MODULES = YES;
				CLANG_ENABLE_OBJC_ARC = YES;
				CLANG_ENABLE_OBJC_WEAK = YES;
				CLANG_WARN_BLOCK_CAPTURE_AUTORELEASING = YES;
				CLANG_WARN_BOOL_CONVERSION = YES;
				CLANG_WARN_COMMA = YES;
				CLANG_WARN_CONSTANT_CONVERSION = YES;
				CLANG_WARN_DEPRECATED_OBJC_IMPLEMENTATIONS = YES;
				CLANG_WARN_DIRECT_OBJC_ISA_USAGE = YES_ERROR;
				CLANG_WARN_DOCUMENTATION_COMMENTS = YES;
				CLANG_WARN_EMPTY_BODY = YES;
				CLANG_WARN_ENUM_CONVERSION = YES;
				CLANG_WARN_INFINITE_RECURSION = YES;
				CLANG_WARN_INT_CONVERSION = YES;
				CLANG_WARN_NON_LITERAL_NULL_CONVERSION = YES;
				CLANG_WARN_OBJC_IMPLICIT_RETAIN_SELF = YES;
				CLANG_WARN_OBJC_LITERAL_CONVERSION = YES;
				CLANG_WARN_OBJC_ROOT_CLASS = YES_ERROR;
				CLANG_WARN_QUOTED_INCLUDE_IN_FRAMEWORK_HEADER = YES;
				CLANG_WARN_RANGE_LOOP_ANALYSIS = YES;
				CLANG_WARN_STRICT_PROTOTYPES = YES;
				CLANG_WARN_SUSPICIOUS_MOVE = YES;
				CLANG_WARN_UNGUARDED_AVAILABILITY = YES_AGGRESSIVE;
				CLANG_WARN_UNREACHABLE_CODE = YES;
				CLANG_WARN__DUPLICATE_METHOD_MATCH = YES;
				COPY_PHASE_STRIP = NO;
				DEBUG_INFORMATION_FORMAT = dwarf;
				ENABLE_STRICT_OBJC_MSGSEND = YES;
				ENABLE_TESTABILITY = YES;
				GCC_C_LANGUAGE_STANDARD = gnu11;
				GCC_DYNAMIC_NO_PIC = NO;
				GCC_NO_COMMON_BLOCKS = YES;
				GCC_OPTIMIZATION_LEVEL = 0;
				GCC_PREPROCESSOR_DEFINITIONS = (
					"DEBUG=1",
					"$(inherited)",
				);
				GCC_WARN_64_TO_32_BIT_CONVERSION = YES;
				GCC_WARN_ABOUT_RETURN_TYPE = YES_ERROR;
				GCC_WARN_UNDECLARED_SELECTOR = YES;
				GCC_WARN_UNINITIALIZED_AUTOS = YES_AGGRESSIVE;
				GCC_WARN_UNUSED_FUNCTION = YES;
				GCC_WARN_UNUSED_VARIABLE = YES;
				IPHONEOS_DEPLOYMENT_TARGET = 13.0;
				MTL_ENABLE_DEBUG_INFO = INCLUDE_SOURCE;
				MTL_FAST_MATH = YES;
				ONLY_ACTIVE_ARCH = YES;
				SDKROOT = iphoneos;
				SWIFT_ACTIVE_COMPILATION_CONDITIONS = DEBUG;
				SWIFT_OPTIMIZATION_LEVEL = "-Onone";
			};
			name = Debug;
		};
		0F73CEB429838F3000A404C8 /* Release */ = {
			isa = XCBuildConfiguration;
			buildSettings = {
				ALWAYS_SEARCH_USER_PATHS = NO;
				CLANG_ANALYZER_NONNULL = YES;
				CLANG_ANALYZER_NUMBER_OBJECT_CONVERSION = YES_AGGRESSIVE;
				CLANG_CXX_LANGUAGE_STANDARD = "gnu++20";
				CLANG_ENABLE_MODULES = YES;
				CLANG_ENABLE_OBJC_ARC = YES;
				CLANG_ENABLE_OBJC_WEAK = YES;
				CLANG_WARN_BLOCK_CAPTURE_AUTORELEASING = YES;
				CLANG_WARN_BOOL_CONVERSION = YES;
				CLANG_WARN_COMMA = YES;
				CLANG_WARN_CONSTANT_CONVERSION = YES;
				CLANG_WARN_DEPRECATED_OBJC_IMPLEMENTATIONS = YES;
				CLANG_WARN_DIRECT_OBJC_ISA_USAGE = YES_ERROR;
				CLANG_WARN_DOCUMENTATION_COMMENTS = YES;
				CLANG_WARN_EMPTY_BODY = YES;
				CLANG_WARN_ENUM_CONVERSION = YES;
				CLANG_WARN_INFINITE_RECURSION = YES;
				CLANG_WARN_INT_CONVERSION = YES;
				CLANG_WARN_NON_LITERAL_NULL_CONVERSION = YES;
				CLANG_WARN_OBJC_IMPLICIT_RETAIN_SELF = YES;
				CLANG_WARN_OBJC_LITERAL_CONVERSION = YES;
				CLANG_WARN_OBJC_ROOT_CLASS = YES_ERROR;
				CLANG_WARN_QUOTED_INCLUDE_IN_FRAMEWORK_HEADER = YES;
				CLANG_WARN_RANGE_LOOP_ANALYSIS = YES;
				CLANG_WARN_STRICT_PROTOTYPES = YES;
				CLANG_WARN_SUSPICIOUS_MOVE = YES;
				CLANG_WARN_UNGUARDED_AVAILABILITY = YES_AGGRESSIVE;
				CLANG_WARN_UNREACHABLE_CODE = YES;
				CLANG_WARN__DUPLICATE_METHOD_MATCH = YES;
				COPY_PHASE_STRIP = NO;
				DEBUG_INFORMATION_FORMAT = "dwarf-with-dsym";
				ENABLE_NS_ASSERTIONS = NO;
				ENABLE_STRICT_OBJC_MSGSEND = YES;
				GCC_C_LANGUAGE_STANDARD = gnu11;
				GCC_NO_COMMON_BLOCKS = YES;
				GCC_WARN_64_TO_32_BIT_CONVERSION = YES;
				GCC_WARN_ABOUT_RETURN_TYPE = YES_ERROR;
				GCC_WARN_UNDECLARED_SELECTOR = YES;
				GCC_WARN_UNINITIALIZED_AUTOS = YES_AGGRESSIVE;
				GCC_WARN_UNUSED_FUNCTION = YES;
				GCC_WARN_UNUSED_VARIABLE = YES;
				IPHONEOS_DEPLOYMENT_TARGET = 13.0;
				MTL_ENABLE_DEBUG_INFO = NO;
				MTL_FAST_MATH = YES;
				SDKROOT = iphoneos;
				SWIFT_COMPILATION_MODE = wholemodule;
				SWIFT_OPTIMIZATION_LEVEL = "-O";
				VALIDATE_PRODUCT = YES;
			};
			name = Release;
		};
		0F73CEB629838F3000A404C8 /* Debug */ = {
			isa = XCBuildConfiguration;
			buildSettings = {
				ASSETCATALOG_COMPILER_APPICON_NAME = AppIcon;
				ASSETCATALOG_COMPILER_GLOBAL_ACCENT_COLOR_NAME = AccentColor;
				CODE_SIGN_STYLE = Manual;
				CURRENT_PROJECT_VERSION = 1;
				DEVELOPMENT_TEAM = "";
				GENERATE_INFOPLIST_FILE = YES;
				INFOPLIST_FILE = "Trending Movies/Info.plist";
				INFOPLIST_KEY_UIApplicationSupportsIndirectInputEvents = YES;
				INFOPLIST_KEY_UILaunchStoryboardName = LaunchScreen;
				INFOPLIST_KEY_UIMainStoryboardFile = Main;
				INFOPLIST_KEY_UISupportedInterfaceOrientations_iPad = "UIInterfaceOrientationPortrait UIInterfaceOrientationPortraitUpsideDown UIInterfaceOrientationLandscapeLeft UIInterfaceOrientationLandscapeRight";
				INFOPLIST_KEY_UISupportedInterfaceOrientations_iPhone = "UIInterfaceOrientationPortrait UIInterfaceOrientationLandscapeLeft UIInterfaceOrientationLandscapeRight";
				IPHONEOS_DEPLOYMENT_TARGET = 13.0;
				LD_RUNPATH_SEARCH_PATHS = (
					"$(inherited)",
					"@executable_path/Frameworks",
				);
				MARKETING_VERSION = 1.0;
				PRODUCT_BUNDLE_IDENTIFIER = "com.hadi.Trending-Movies";
				PRODUCT_NAME = "$(TARGET_NAME)";
				PROVISIONING_PROFILE_SPECIFIER = "";
				SWIFT_EMIT_LOC_STRINGS = YES;
				SWIFT_VERSION = 5.0;
				TARGETED_DEVICE_FAMILY = "1,2";
			};
			name = Debug;
		};
		0F73CEB729838F3000A404C8 /* Release */ = {
			isa = XCBuildConfiguration;
			buildSettings = {
				ASSETCATALOG_COMPILER_APPICON_NAME = AppIcon;
				ASSETCATALOG_COMPILER_GLOBAL_ACCENT_COLOR_NAME = AccentColor;
				CODE_SIGN_STYLE = Manual;
				CURRENT_PROJECT_VERSION = 1;
				DEVELOPMENT_TEAM = "";
				GENERATE_INFOPLIST_FILE = YES;
				INFOPLIST_FILE = "Trending Movies/Info.plist";
				INFOPLIST_KEY_UIApplicationSupportsIndirectInputEvents = YES;
				INFOPLIST_KEY_UILaunchStoryboardName = LaunchScreen;
				INFOPLIST_KEY_UIMainStoryboardFile = Main;
				INFOPLIST_KEY_UISupportedInterfaceOrientations_iPad = "UIInterfaceOrientationPortrait UIInterfaceOrientationPortraitUpsideDown UIInterfaceOrientationLandscapeLeft UIInterfaceOrientationLandscapeRight";
				INFOPLIST_KEY_UISupportedInterfaceOrientations_iPhone = "UIInterfaceOrientationPortrait UIInterfaceOrientationLandscapeLeft UIInterfaceOrientationLandscapeRight";
				IPHONEOS_DEPLOYMENT_TARGET = 13.0;
				LD_RUNPATH_SEARCH_PATHS = (
					"$(inherited)",
					"@executable_path/Frameworks",
				);
				MARKETING_VERSION = 1.0;
				PRODUCT_BUNDLE_IDENTIFIER = "com.hadi.Trending-Movies";
				PRODUCT_NAME = "$(TARGET_NAME)";
				PROVISIONING_PROFILE_SPECIFIER = "";
				SWIFT_EMIT_LOC_STRINGS = YES;
				SWIFT_VERSION = 5.0;
				TARGETED_DEVICE_FAMILY = "1,2";
			};
			name = Release;
		};
		0F73CEB929838F3000A404C8 /* Debug */ = {
			isa = XCBuildConfiguration;
			buildSettings = {
				ALWAYS_EMBED_SWIFT_STANDARD_LIBRARIES = YES;
				BUNDLE_LOADER = "$(TEST_HOST)";
				CODE_SIGN_STYLE = Automatic;
				CURRENT_PROJECT_VERSION = 1;
				GENERATE_INFOPLIST_FILE = YES;
				IPHONEOS_DEPLOYMENT_TARGET = 16.0;
				MARKETING_VERSION = 1.0;
				PRODUCT_BUNDLE_IDENTIFIER = "com.hadi.Trending-MoviesTests";
				PRODUCT_NAME = "$(TARGET_NAME)";
				SWIFT_EMIT_LOC_STRINGS = NO;
				SWIFT_VERSION = 5.0;
				TARGETED_DEVICE_FAMILY = "1,2";
				TEST_HOST = "$(BUILT_PRODUCTS_DIR)/Trending Movies.app/$(BUNDLE_EXECUTABLE_FOLDER_PATH)/Trending Movies";
			};
			name = Debug;
		};
		0F73CEBA29838F3000A404C8 /* Release */ = {
			isa = XCBuildConfiguration;
			buildSettings = {
				ALWAYS_EMBED_SWIFT_STANDARD_LIBRARIES = YES;
				BUNDLE_LOADER = "$(TEST_HOST)";
				CODE_SIGN_STYLE = Automatic;
				CURRENT_PROJECT_VERSION = 1;
				GENERATE_INFOPLIST_FILE = YES;
				IPHONEOS_DEPLOYMENT_TARGET = 16.0;
				MARKETING_VERSION = 1.0;
				PRODUCT_BUNDLE_IDENTIFIER = "com.hadi.Trending-MoviesTests";
				PRODUCT_NAME = "$(TARGET_NAME)";
				SWIFT_EMIT_LOC_STRINGS = NO;
				SWIFT_VERSION = 5.0;
				TARGETED_DEVICE_FAMILY = "1,2";
				TEST_HOST = "$(BUILT_PRODUCTS_DIR)/Trending Movies.app/$(BUNDLE_EXECUTABLE_FOLDER_PATH)/Trending Movies";
			};
			name = Release;
		};
		0F73CEBC29838F3000A404C8 /* Debug */ = {
			isa = XCBuildConfiguration;
			buildSettings = {
				ALWAYS_EMBED_SWIFT_STANDARD_LIBRARIES = YES;
				CODE_SIGN_STYLE = Automatic;
				CURRENT_PROJECT_VERSION = 1;
				GENERATE_INFOPLIST_FILE = YES;
				MARKETING_VERSION = 1.0;
				PRODUCT_BUNDLE_IDENTIFIER = "com.hadi.Trending-MoviesUITests";
				PRODUCT_NAME = "$(TARGET_NAME)";
				SWIFT_EMIT_LOC_STRINGS = NO;
				SWIFT_VERSION = 5.0;
				TARGETED_DEVICE_FAMILY = "1,2";
				TEST_TARGET_NAME = "Trending Movies";
			};
			name = Debug;
		};
		0F73CEBD29838F3000A404C8 /* Release */ = {
			isa = XCBuildConfiguration;
			buildSettings = {
				ALWAYS_EMBED_SWIFT_STANDARD_LIBRARIES = YES;
				CODE_SIGN_STYLE = Automatic;
				CURRENT_PROJECT_VERSION = 1;
				GENERATE_INFOPLIST_FILE = YES;
				MARKETING_VERSION = 1.0;
				PRODUCT_BUNDLE_IDENTIFIER = "com.hadi.Trending-MoviesUITests";
				PRODUCT_NAME = "$(TARGET_NAME)";
				SWIFT_EMIT_LOC_STRINGS = NO;
				SWIFT_VERSION = 5.0;
				TARGETED_DEVICE_FAMILY = "1,2";
				TEST_TARGET_NAME = "Trending Movies";
			};
			name = Release;
		};
/* End XCBuildConfiguration section */

/* Begin XCConfigurationList section */
		0F73CE8629838F3000A404C8 /* Build configuration list for PBXProject "Trending Movies" */ = {
			isa = XCConfigurationList;
			buildConfigurations = (
				0F73CEB329838F3000A404C8 /* Debug */,
				0F73CEB429838F3000A404C8 /* Release */,
			);
			defaultConfigurationIsVisible = 0;
			defaultConfigurationName = Release;
		};
		0F73CEB529838F3000A404C8 /* Build configuration list for PBXNativeTarget "Trending Movies" */ = {
			isa = XCConfigurationList;
			buildConfigurations = (
				0F73CEB629838F3000A404C8 /* Debug */,
				0F73CEB729838F3000A404C8 /* Release */,
			);
			defaultConfigurationIsVisible = 0;
			defaultConfigurationName = Release;
		};
		0F73CEB829838F3000A404C8 /* Build configuration list for PBXNativeTarget "Trending MoviesTests" */ = {
			isa = XCConfigurationList;
			buildConfigurations = (
				0F73CEB929838F3000A404C8 /* Debug */,
				0F73CEBA29838F3000A404C8 /* Release */,
			);
			defaultConfigurationIsVisible = 0;
			defaultConfigurationName = Release;
		};
		0F73CEBB29838F3000A404C8 /* Build configuration list for PBXNativeTarget "Trending MoviesUITests" */ = {
			isa = XCConfigurationList;
			buildConfigurations = (
				0F73CEBC29838F3000A404C8 /* Debug */,
				0F73CEBD29838F3000A404C8 /* Release */,
			);
			defaultConfigurationIsVisible = 0;
			defaultConfigurationName = Release;
		};
/* End XCConfigurationList section */
	};
	rootObject = 0F73CE8329838F3000A404C8 /* Project object */;
}
